
Microsoft Visual Studio Solution File, Format Version 12.00
# Visual Studio 2013
VisualStudioVersion = 12.0.40629.0
MinimumVisualStudioVersion = 10.0.40219.1
Project("{FAE04EC0-301F-11D3-BF4B-00C04F79EFBC}") = "mavlinkobjectgenerator", "mavlinkobjectgenerator\mavlinkobjectgenerator.csproj", "{4CD09DD8-735E-465E-96E7-58F3336C3030}"
EndProject
Project("{FAE04EC0-301F-11D3-BF4B-00C04F79EFBC}") = "mavlinkgen", "mavlinkgen\mavlinkgen.csproj", "{D865FF9A-5D23-4E9D-818C-AAA7DCD54955}"
EndProject
Project("{FAE04EC0-301F-11D3-BF4B-00C04F79EFBC}") = "mavlink.net", "mavlink.net\mavlink.net.csproj", "{2DFF5E5B-EB22-4C03-BEC9-994B112B8E78}"
EndProject
Project("{FAE04EC0-301F-11D3-BF4B-00C04F79EFBC}") = "FileTest", "FileTest\FileTest.csproj", "{BB19F238-7736-4828-B6CF-8DA2BD8A2B21}"
EndProject
Project("{FAE04EC0-301F-11D3-BF4B-00C04F79EFBC}") = "SinisterEntropy.Mavlink.Core", "SinisterEntropy.Mavlink.Core\SinisterEntropy.Mavlink.Core.csproj", "{4AB09E2C-CDFF-45A8-A2FD-99F0DE1DFDA5}"
EndProject
Project("{2150E333-8FDC-42A3-9474-1A3956D46DE8}") = ".nuget", ".nuget", "{492E81E1-6B1B-4A52-8F52-EE1D5E0D990F}"
	ProjectSection(SolutionItems) = preProject
		.nuget\NuGet.Config = .nuget\NuGet.Config
		.nuget\NuGet.exe = .nuget\NuGet.exe
		.nuget\NuGet.targets = .nuget\NuGet.targets
	EndProjectSection
EndProject
Global
	GlobalSection(SolutionConfigurationPlatforms) = preSolution
		Debug|Any CPU = Debug|Any CPU
		Release|Any CPU = Release|Any CPU
	EndGlobalSection
	GlobalSection(ProjectConfigurationPlatforms) = postSolution
		{4CD09DD8-735E-465E-96E7-58F3336C3030}.Debug|Any CPU.ActiveCfg = Debug|Any CPU
		{4CD09DD8-735E-465E-96E7-58F3336C3030}.Debug|Any CPU.Build.0 = Debug|Any CPU
		{4CD09DD8-735E-465E-96E7-58F3336C3030}.Release|Any CPU.ActiveCfg = Release|Any CPU
		{4CD09DD8-735E-465E-96E7-58F3336C3030}.Release|Any CPU.Build.0 = Release|Any CPU
		{D865FF9A-5D23-4E9D-818C-AAA7DCD54955}.Debug|Any CPU.ActiveCfg = Debug|Any CPU
		{D865FF9A-5D23-4E9D-818C-AAA7DCD54955}.Debug|Any CPU.Build.0 = Debug|Any CPU
		{D865FF9A-5D23-4E9D-818C-AAA7DCD54955}.Release|Any CPU.ActiveCfg = Release|Any CPU
		{D865FF9A-5D23-4E9D-818C-AAA7DCD54955}.Release|Any CPU.Build.0 = Release|Any CPU
		{2DFF5E5B-EB22-4C03-BEC9-994B112B8E78}.Debug|Any CPU.ActiveCfg = Debug|Any CPU
		{2DFF5E5B-EB22-4C03-BEC9-994B112B8E78}.Debug|Any CPU.Build.0 = Debug|Any CPU
		{2DFF5E5B-EB22-4C03-BEC9-994B112B8E78}.Release|Any CPU.ActiveCfg = Release|Any CPU
		{2DFF5E5B-EB22-4C03-BEC9-994B112B8E78}.Release|Any CPU.Build.0 = Release|Any CPU
		{BB19F238-7736-4828-B6CF-8DA2BD8A2B21}.Debug|Any CPU.ActiveCfg = Debug|Any CPU
		{BB19F238-7736-4828-B6CF-8DA2BD8A2B21}.Debug|Any CPU.Build.0 = Debug|Any CPU
		{BB19F238-7736-4828-B6CF-8DA2BD8A2B21}.Release|Any CPU.ActiveCfg = Release|Any CPU
		{BB19F238-7736-4828-B6CF-8DA2BD8A2B21}.Release|Any CPU.Build.0 = Release|Any CPU
		{4AB09E2C-CDFF-45A8-A2FD-99F0DE1DFDA5}.Debug|Any CPU.ActiveCfg = Debug|Any CPU
		{4AB09E2C-CDFF-45A8-A2FD-99F0DE1DFDA5}.Debug|Any CPU.Build.0 = Debug|Any CPU
		{4AB09E2C-CDFF-45A8-A2FD-99F0DE1DFDA5}.Release|Any CPU.ActiveCfg = Release|Any CPU
		{4AB09E2C-CDFF-45A8-A2FD-99F0DE1DFDA5}.Release|Any CPU.Build.0 = Release|Any CPU
	EndGlobalSection
	GlobalSection(SolutionProperties) = preSolution
		HideSolutionNode = FALSE
	EndGlobalSection
EndGlobal
